lockfileVersion: '9.0'

settings:
  autoInstallPeers: true
  excludeLinksFromLockfile: false

importers:

  .:
    dependencies:
      drag-drop-touch:
        specifier: ^1.3.1
        version: 1.3.1
      react:
        specifier: ^19.0.0
        version: 19.0.0
    devDependencies:
      '@types/react':
        specifier: ^19.0.2
        version: 19.0.2

packages:

  '@types/react@19.0.2':
    resolution: {integrity: sha512-USU8ZI/xyKJwFTpjSVIrSeHBVAGagkHQKPNbxeWwql/vDmnTIBgx+TJnhFnj1NXgz8XfprU0egV2dROLGpsBEg==}

  csstype@3.1.3:
    resolution: {integrity: sha512-M1uQkMl8rQK/szD0LNhtqxIPLpimGm8sOBwU7lLnCpSbTyY3yeU1Vc7l4KT5zT4s/yOxHH5O7tIuuLOCnLADRw==}

  drag-drop-touch@1.3.1:
    resolution: {integrity: sha512-Q0/ZgsnW7VUjn+YqSnp1rvxjjPnZX5YLyVaw28einood+eTMcLzgOgHk8nyqIF9O18J68l+2htlEnbw5GsyTvQ==}

  react@19.0.0:
    resolution: {integrity: sha512-V8AVnmPIICiWpGfm6GLzCR/W5FXLchHop40W4nXBmdlEceh16rCN8O8LNWm5bh5XUX91fh7KpA+W0TgMKmgTpQ==}
    engines: {node: '>=0.10.0'}

snapshots:

  '@types/react@19.0.2':
    dependencies:
      csstype: 3.1.3

  csstype@3.1.3: {}

  drag-drop-touch@1.3.1: {}

  react@19.0.0: {}
